
Microsoft Visual Studio Solution File, Format Version 12.00
# Visual Studio 15
VisualStudioVersion = 15.0.28307.168
MinimumVisualStudioVersion = 10.0.40219.1
Project("{FAE04EC0-301F-11D3-BF4B-00C04F79EFBC}") = "GrandadAudioPlayer", "GrandadAudioPlayer\GrandadAudioPlayer.csproj", "{1699E327-DC9D-43FA-A53C-DD5784C68CA8}"
EndProject
Global
	GlobalSection(SolutionConfigurationPlatforms) = preSolution
		Debug|Any CPU = Debug|Any CPU
		Release|Any CPU = Release|Any CPU
	EndGlobalSection
	GlobalSection(ProjectConfigurationPlatforms) = postSolution
		{1699E327-DC9D-43FA-A53C-DD5784C68CA8}.Debug|Any CPU.ActiveCfg = Debug|Any CPU
		{1699E327-DC9D-43FA-A53C-DD5784C68CA8}.Debug|Any CPU.Build.0 = Debug|Any CPU
		{1699E327-DC9D-43FA-A53C-DD5784C68CA8}.Release|Any CPU.ActiveCfg = Release|Any CPU
		{1699E327-DC9D-43FA-A53C-DD5784C68CA8}.Release|Any CPU.Build.0 = Release|Any CPU
	EndGlobalSection
	GlobalSection(SolutionProperties) = preSolution
		HideSolutionNode = FALSE
	EndGlobalSection
	GlobalSection(ExtensibilityGlobals) = postSolution
		SolutionGuid = {79475059-757C-4B3B-89BD-E6CF285C53D8}
	EndGlobalSection
EndGlobal
