
Microsoft Visual Studio Solution File, Format Version 12.00
# Visual Studio 15
VisualStudioVersion = 15.0.28307.136
MinimumVisualStudioVersion = 10.0.40219.1
Project("{FAE04EC0-301F-11D3-BF4B-00C04F79EFBC}") = "GrandadAudioPlayerClassLibrary", "GrandadAudioPlayerClassLibrary\GrandadAudioPlayerClassLibrary.csproj", "{52A48787-B3F8-4DCA-8F1A-160A34C8B1C0}"
EndProject
Project("{FAE04EC0-301F-11D3-BF4B-00C04F79EFBC}") = "GrandadAudioPlayerAdmin", "GrandadAudioPlayerAdmin\GrandadAudioPlayerAdmin.csproj", "{ACDA4AF1-A31A-4898-8066-8148432CB843}"
EndProject
Global
	GlobalSection(SolutionConfigurationPlatforms) = preSolution
		Debug|Any CPU = Debug|Any CPU
		Release|Any CPU = Release|Any CPU
	EndGlobalSection
	GlobalSection(ProjectConfigurationPlatforms) = postSolution
		{52A48787-B3F8-4DCA-8F1A-160A34C8B1C0}.Debug|Any CPU.ActiveCfg = Debug|Any CPU
		{52A48787-B3F8-4DCA-8F1A-160A34C8B1C0}.Debug|Any CPU.Build.0 = Debug|Any CPU
		{52A48787-B3F8-4DCA-8F1A-160A34C8B1C0}.Release|Any CPU.ActiveCfg = Release|Any CPU
		{52A48787-B3F8-4DCA-8F1A-160A34C8B1C0}.Release|Any CPU.Build.0 = Release|Any CPU
		{ACDA4AF1-A31A-4898-8066-8148432CB843}.Debug|Any CPU.ActiveCfg = Debug|Any CPU
		{ACDA4AF1-A31A-4898-8066-8148432CB843}.Debug|Any CPU.Build.0 = Debug|Any CPU
		{ACDA4AF1-A31A-4898-8066-8148432CB843}.Release|Any CPU.ActiveCfg = Release|Any CPU
		{ACDA4AF1-A31A-4898-8066-8148432CB843}.Release|Any CPU.Build.0 = Release|Any CPU
	EndGlobalSection
	GlobalSection(SolutionProperties) = preSolution
		HideSolutionNode = FALSE
	EndGlobalSection
	GlobalSection(ExtensibilityGlobals) = postSolution
		SolutionGuid = {62BC157C-F29B-485E-8E90-DDA8241C5FBA}
	EndGlobalSection
EndGlobal
